{
    "_readme": [
        "This file locks the dependencies of your project to a known state",
        "Read more about it at https://getcomposer.org/doc/01-basic-usage.md#installing-dependencies",
        "This file is @generated automatically"
    ],
    "content-hash": "2aaae132c2f473b0cb4dfa5af03d4b3f",
    "packages": [
        {
            "name": "digitaldream/dbreader",
            "version": "1.4",
            "source": {
                "type": "git",
                "url": "https://github.com/digitaldreams/dbreader.git",
                "reference": "54bfe8e024a91e536d629bf2a04e3adc6a9ef496"
            },
            "dist": {
                "type": "zip",
                "url": "https://api.github.com/repos/digitaldreams/dbreader/zipball/54bfe8e024a91e536d629bf2a04e3adc6a9ef496",
                "reference": "54bfe8e024a91e536d629bf2a04e3adc6a9ef496",
                "shasum": ""
            },
            "type": "library",
            "autoload": {
                "psr-4": {
                    "DbReader\\": "src/"
                }
            },
            "notification-url": "https://packagist.org/downloads/",
            "license": [
                "MIT"
            ],
            "authors": [
                {
                    "name": "Tuhin",
                    "email": "digitaldreams40@gmail.com"
                }
            ],
            "description": "Database Reader",
            "time": "2017-09-18T17:06:51+00:00"
        }
    ],
    "packages-dev": [],
    "aliases": [],
    "minimum-stability": "stable",
    "stability-flags": [],
    "prefer-stable": false,
    "prefer-lowest": false,
    "platform": {
        "php": ">=5.5.9"
    },
    "platform-dev": []
}
